
Microsoft Visual Studio Solution File, Format Version 12.00
# Visual Studio Version 17
VisualStudioVersion = 17.8.34330.188
MinimumVisualStudioVersion = 10.0.40219.1
Project("{FAE04EC0-301F-11D3-BF4B-00C04F79EFBC}") = "Лучшая работа 2", "Лучшая работа 2.csproj", "{FD5889E3-C840-4FAF-987E-DCF7AC40AD7B}"
EndProject
Global
	GlobalSection(SolutionConfigurationPlatforms) = preSolution
		Debug|Any CPU = Debug|Any CPU
		Release|Any CPU = Release|Any CPU
	EndGlobalSection
	GlobalSection(ProjectConfigurationPlatforms) = postSolution
		{FD5889E3-C840-4FAF-987E-DCF7AC40AD7B}.Debug|Any CPU.ActiveCfg = Debug|Any CPU
		{FD5889E3-C840-4FAF-987E-DCF7AC40AD7B}.Debug|Any CPU.Build.0 = Debug|Any CPU
		{FD5889E3-C840-4FAF-987E-DCF7AC40AD7B}.Release|Any CPU.ActiveCfg = Release|Any CPU
		{FD5889E3-C840-4FAF-987E-DCF7AC40AD7B}.Release|Any CPU.Build.0 = Release|Any CPU
	EndGlobalSection
	GlobalSection(SolutionProperties) = preSolution
		HideSolutionNode = FALSE
	EndGlobalSection
	GlobalSection(ExtensibilityGlobals) = postSolution
		SolutionGuid = {F9527B8E-45FB-409F-91C5-EE5F05260417}
	EndGlobalSection
EndGlobal
